
Microsoft Visual Studio Solution File, Format Version 12.00
# Visual Studio 15
VisualStudioVersion = 15.0.28307.329
MinimumVisualStudioVersion = 10.0.40219.1
Project("{FAE04EC0-301F-11D3-BF4B-00C04F79EFBC}") = "sumOfDigits", "sumOfDigits\sumOfDigits.csproj", "{96F38EC3-8F33-4BF4-8B6F-67CD97E06F77}"
EndProject
Global
	GlobalSection(SolutionConfigurationPlatforms) = preSolution
		Debug|Any CPU = Debug|Any CPU
		Release|Any CPU = Release|Any CPU
	EndGlobalSection
	GlobalSection(ProjectConfigurationPlatforms) = postSolution
		{96F38EC3-8F33-4BF4-8B6F-67CD97E06F77}.Debug|Any CPU.ActiveCfg = Debug|Any CPU
		{96F38EC3-8F33-4BF4-8B6F-67CD97E06F77}.Debug|Any CPU.Build.0 = Debug|Any CPU
		{96F38EC3-8F33-4BF4-8B6F-67CD97E06F77}.Release|Any CPU.ActiveCfg = Release|Any CPU
		{96F38EC3-8F33-4BF4-8B6F-67CD97E06F77}.Release|Any CPU.Build.0 = Release|Any CPU
	EndGlobalSection
	GlobalSection(SolutionProperties) = preSolution
		HideSolutionNode = FALSE
	EndGlobalSection
	GlobalSection(ExtensibilityGlobals) = postSolution
		SolutionGuid = {00D5944F-44D6-4D1D-AD7C-F6FA2E03E7B4}
	EndGlobalSection
EndGlobal
