
Microsoft Visual Studio Solution File, Format Version 12.00
# Visual Studio 15
VisualStudioVersion = 15.0.28307.329
MinimumVisualStudioVersion = 10.0.40219.1
Project("{FAE04EC0-301F-11D3-BF4B-00C04F79EFBC}") = "fallDown", "fallDown\fallDown.csproj", "{25F8F803-8607-43E7-B3CE-C757C9EF7171}"
EndProject
Global
	GlobalSection(SolutionConfigurationPlatforms) = preSolution
		Debug|Any CPU = Debug|Any CPU
		Release|Any CPU = Release|Any CPU
	EndGlobalSection
	GlobalSection(ProjectConfigurationPlatforms) = postSolution
		{25F8F803-8607-43E7-B3CE-C757C9EF7171}.Debug|Any CPU.ActiveCfg = Debug|Any CPU
		{25F8F803-8607-43E7-B3CE-C757C9EF7171}.Debug|Any CPU.Build.0 = Debug|Any CPU
		{25F8F803-8607-43E7-B3CE-C757C9EF7171}.Release|Any CPU.ActiveCfg = Release|Any CPU
		{25F8F803-8607-43E7-B3CE-C757C9EF7171}.Release|Any CPU.Build.0 = Release|Any CPU
	EndGlobalSection
	GlobalSection(SolutionProperties) = preSolution
		HideSolutionNode = FALSE
	EndGlobalSection
	GlobalSection(ExtensibilityGlobals) = postSolution
		SolutionGuid = {8EC9716D-F0F5-450C-A9AE-2EFBE7DB11A0}
	EndGlobalSection
EndGlobal
