
Microsoft Visual Studio Solution File, Format Version 12.00
# Visual Studio 15
VisualStudioVersion = 15.0.28307.329
MinimumVisualStudioVersion = 10.0.40219.1
Project("{FAE04EC0-301F-11D3-BF4B-00C04F79EFBC}") = "Task", "Task\Task.csproj", "{7F64F75D-99A4-42F4-A437-4035DFD7E464}"
EndProject
Global
	GlobalSection(SolutionConfigurationPlatforms) = preSolution
		Debug|Any CPU = Debug|Any CPU
		Release|Any CPU = Release|Any CPU
	EndGlobalSection
	GlobalSection(ProjectConfigurationPlatforms) = postSolution
		{7F64F75D-99A4-42F4-A437-4035DFD7E464}.Debug|Any CPU.ActiveCfg = Debug|Any CPU
		{7F64F75D-99A4-42F4-A437-4035DFD7E464}.Debug|Any CPU.Build.0 = Debug|Any CPU
		{7F64F75D-99A4-42F4-A437-4035DFD7E464}.Release|Any CPU.ActiveCfg = Release|Any CPU
		{7F64F75D-99A4-42F4-A437-4035DFD7E464}.Release|Any CPU.Build.0 = Release|Any CPU
	EndGlobalSection
	GlobalSection(SolutionProperties) = preSolution
		HideSolutionNode = FALSE
	EndGlobalSection
	GlobalSection(ExtensibilityGlobals) = postSolution
		SolutionGuid = {BB411B0C-AAD4-47E4-99D7-40C1AF17BEE0}
	EndGlobalSection
EndGlobal
