
Microsoft Visual Studio Solution File, Format Version 12.00
# Visual Studio 15
VisualStudioVersion = 15.0.28307.329
MinimumVisualStudioVersion = 10.0.40219.1
Project("{FAE04EC0-301F-11D3-BF4B-00C04F79EFBC}") = "Graphics", "Graphics\Graphics.csproj", "{E3972FB1-BC43-48B6-89AA-48E11C13B529}"
EndProject
Global
	GlobalSection(SolutionConfigurationPlatforms) = preSolution
		Debug|Any CPU = Debug|Any CPU
		Release|Any CPU = Release|Any CPU
	EndGlobalSection
	GlobalSection(ProjectConfigurationPlatforms) = postSolution
		{E3972FB1-BC43-48B6-89AA-48E11C13B529}.Debug|Any CPU.ActiveCfg = Debug|Any CPU
		{E3972FB1-BC43-48B6-89AA-48E11C13B529}.Debug|Any CPU.Build.0 = Debug|Any CPU
		{E3972FB1-BC43-48B6-89AA-48E11C13B529}.Release|Any CPU.ActiveCfg = Release|Any CPU
		{E3972FB1-BC43-48B6-89AA-48E11C13B529}.Release|Any CPU.Build.0 = Release|Any CPU
	EndGlobalSection
	GlobalSection(SolutionProperties) = preSolution
		HideSolutionNode = FALSE
	EndGlobalSection
	GlobalSection(ExtensibilityGlobals) = postSolution
		SolutionGuid = {52A96B63-D823-48C0-B22C-589A000D0661}
	EndGlobalSection
EndGlobal
